
Microsoft Visual Studio Solution File, Format Version 12.00
# Visual Studio Version 16
VisualStudioVersion = 16.0.30907.101
MinimumVisualStudioVersion = 10.0.40219.1
Project("{9A19103F-16F7-4668-BE54-9A1E7A4F7556}") = "DeliveryService.BLL", "Models\DeliveryService.BLL.csproj", "{6F9153C7-119A-403D-9009-11F89BC3F549}"
EndProject
Project("{9A19103F-16F7-4668-BE54-9A1E7A4F7556}") = "СostСalculation", "СostСalculation\СostСalculation.csproj", "{74E01583-9BFE-40BD-8960-E8CDFF1586B7}"
EndProject
Project("{9A19103F-16F7-4668-BE54-9A1E7A4F7556}") = "DeliverySystem", "Entity\DeliverySystem\DeliverySystem.csproj", "{1377F3A1-71C4-4C5F-B8DE-A1CD26945763}"
EndProject
Project("{9A19103F-16F7-4668-BE54-9A1E7A4F7556}") = "Delivery-Service.API", "..\Delivery-Service.API\Delivery-Service.API.csproj", "{A25D8FDB-94D3-4ABC-A186-52B0000E4349}"
EndProject
Global
	GlobalSection(SolutionConfigurationPlatforms) = preSolution
		Debug|Any CPU = Debug|Any CPU
		Release|Any CPU = Release|Any CPU
	EndGlobalSection
	GlobalSection(ProjectConfigurationPlatforms) = postSolution
		{6F9153C7-119A-403D-9009-11F89BC3F549}.Debug|Any CPU.ActiveCfg = Debug|Any CPU
		{6F9153C7-119A-403D-9009-11F89BC3F549}.Debug|Any CPU.Build.0 = Debug|Any CPU
		{6F9153C7-119A-403D-9009-11F89BC3F549}.Release|Any CPU.ActiveCfg = Release|Any CPU
		{6F9153C7-119A-403D-9009-11F89BC3F549}.Release|Any CPU.Build.0 = Release|Any CPU
		{74E01583-9BFE-40BD-8960-E8CDFF1586B7}.Debug|Any CPU.ActiveCfg = Debug|Any CPU
		{74E01583-9BFE-40BD-8960-E8CDFF1586B7}.Debug|Any CPU.Build.0 = Debug|Any CPU
		{74E01583-9BFE-40BD-8960-E8CDFF1586B7}.Release|Any CPU.ActiveCfg = Release|Any CPU
		{74E01583-9BFE-40BD-8960-E8CDFF1586B7}.Release|Any CPU.Build.0 = Release|Any CPU
		{1377F3A1-71C4-4C5F-B8DE-A1CD26945763}.Debug|Any CPU.ActiveCfg = Debug|Any CPU
		{1377F3A1-71C4-4C5F-B8DE-A1CD26945763}.Debug|Any CPU.Build.0 = Debug|Any CPU
		{1377F3A1-71C4-4C5F-B8DE-A1CD26945763}.Release|Any CPU.ActiveCfg = Release|Any CPU
		{1377F3A1-71C4-4C5F-B8DE-A1CD26945763}.Release|Any CPU.Build.0 = Release|Any CPU
		{A25D8FDB-94D3-4ABC-A186-52B0000E4349}.Debug|Any CPU.ActiveCfg = Debug|Any CPU
		{A25D8FDB-94D3-4ABC-A186-52B0000E4349}.Debug|Any CPU.Build.0 = Debug|Any CPU
		{A25D8FDB-94D3-4ABC-A186-52B0000E4349}.Release|Any CPU.ActiveCfg = Release|Any CPU
		{A25D8FDB-94D3-4ABC-A186-52B0000E4349}.Release|Any CPU.Build.0 = Release|Any CPU
	EndGlobalSection
	GlobalSection(SolutionProperties) = preSolution
		HideSolutionNode = FALSE
	EndGlobalSection
	GlobalSection(ExtensibilityGlobals) = postSolution
		SolutionGuid = {F233174A-D98D-4136-A874-5C37CAA86E7E}
	EndGlobalSection
EndGlobal
